# This file was autogenerated by Stack.
# You should not edit this file by hand.
# For more information, please see the documentation at:
#   https://docs.haskellstack.org/en/stable/lock_files

packages:
- completed:
    hackage: servant-0.6.1@sha256:d759f0823a41fadc00aef4cf79b21d1eb8a8119787c464221f9aec804d35e829,3656
    pantry-tree:
      size: 1939
      sha256: d6153cf50dcf3424bb1f5c4a5304f3583c54a039dd84efb2b059b87a9eb868a5
  original:
    hackage: servant-0.6.1
- completed:
    hackage: servant-client-0.6.1@sha256:2f2bb757ede971d98b25b0951f90a547f29a6a1cbabc66ec7aff08cca26def6b,2513
    pantry-tree:
      size: 770
      sha256: 2e0d4604a8c5ab1dfc1983a71ba478eead483d5d915a5268bb9ec05e8867ff77
  original:
    hackage: servant-client-0.6.1
- completed:
    hackage: servant-server-0.6.1@sha256:d5a9e86174f304853fac91d245755beea94300d7b55045eb45d8ce65d9959a91,4475
    pantry-tree:
      size: 1883
      sha256: 938a5e48f2b0dc40a486f70b832bc2f83f8594d2a0de352954a2500475f1a0b2
  original:
    hackage: servant-server-0.6.1
- completed:
    hackage: logging-effect-1.2.0@sha256:aa69793111562c3c7142f8a2441c0ee7ea7b7a8b3d7638cf8e5a73367207de6c,1591
    pantry-tree:
      size: 330
      sha256: 85025dff2653921d7b5c112fcc016ccd3b1efc9675420737aa5a5394613b996b
  original:
    hackage: logging-effect-1.2.0
snapshots:
- completed:
    size: 428787
    url: https://raw.githubusercontent.com/commercialhaskell/stackage-snapshots/master/lts/6/35.yaml
    sha256: f2ce58e96ad78750c355afc8fcd0bfbd06c8e1381050c59bc5c934577ebef872
  original: lts-6.35
